
Microsoft Visual Studio Solution File, Format Version 12.00
# Visual Studio Version 17
VisualStudioVersion = 17.4.33213.308
MinimumVisualStudioVersion = 10.0.40219.1
Project("{FAE04EC0-301F-11D3-BF4B-00C04F79EFBC}") = "robert_baxter_c969", "robert_baxter_c969\robert_baxter_c969.csproj", "{C9730779-F202-448F-A0D5-E746C546012E}"
EndProject
Global
	GlobalSection(SolutionConfigurationPlatforms) = preSolution
		Debug|Any CPU = Debug|Any CPU
		Release|Any CPU = Release|Any CPU
	EndGlobalSection
	GlobalSection(ProjectConfigurationPlatforms) = postSolution
		{C9730779-F202-448F-A0D5-E746C546012E}.Debug|Any CPU.ActiveCfg = Debug|Any CPU
		{C9730779-F202-448F-A0D5-E746C546012E}.Debug|Any CPU.Build.0 = Debug|Any CPU
		{C9730779-F202-448F-A0D5-E746C546012E}.Release|Any CPU.ActiveCfg = Release|Any CPU
		{C9730779-F202-448F-A0D5-E746C546012E}.Release|Any CPU.Build.0 = Release|Any CPU
	EndGlobalSection
	GlobalSection(SolutionProperties) = preSolution
		HideSolutionNode = FALSE
	EndGlobalSection
	GlobalSection(ExtensibilityGlobals) = postSolution
		SolutionGuid = {9CD5729E-5EBF-4EDB-808A-AE7B47872269}
	EndGlobalSection
EndGlobal
